
Microsoft Visual Studio Solution File, Format Version 12.00
# Visual Studio Version 17
VisualStudioVersion = 17.2.32630.192
MinimumVisualStudioVersion = 10.0.40219.1
Project("{9A19103F-16F7-4668-BE54-9A1E7A4F7556}") = "ProjetoEcommerceAPI", "ProjetoEcommerceAPI\ProjetoEcommerceAPI.csproj", "{D9EFE8C4-4B6A-4838-97C2-8A9BDC87F39B}"
EndProject
Global
	GlobalSection(SolutionConfigurationPlatforms) = preSolution
		Debug|Any CPU = Debug|Any CPU
		Release|Any CPU = Release|Any CPU
	EndGlobalSection
	GlobalSection(ProjectConfigurationPlatforms) = postSolution
		{D9EFE8C4-4B6A-4838-97C2-8A9BDC87F39B}.Debug|Any CPU.ActiveCfg = Debug|Any CPU
		{D9EFE8C4-4B6A-4838-97C2-8A9BDC87F39B}.Debug|Any CPU.Build.0 = Debug|Any CPU
		{D9EFE8C4-4B6A-4838-97C2-8A9BDC87F39B}.Release|Any CPU.ActiveCfg = Release|Any CPU
		{D9EFE8C4-4B6A-4838-97C2-8A9BDC87F39B}.Release|Any CPU.Build.0 = Release|Any CPU
	EndGlobalSection
	GlobalSection(SolutionProperties) = preSolution
		HideSolutionNode = FALSE
	EndGlobalSection
	GlobalSection(ExtensibilityGlobals) = postSolution
		SolutionGuid = {5FA1E36D-F2A4-4B49-B773-6ABA5D9CAF79}
	EndGlobalSection
EndGlobal
